
Microsoft Visual Studio Solution File, Format Version 12.00
# Visual Studio 14
VisualStudioVersion = 14.0.23107.0
MinimumVisualStudioVersion = 10.0.40219.1
Project("{FAE04EC0-301F-11D3-BF4B-00C04F79EFBC}") = "Clip2Web", "Clip2Web\Clip2Web.csproj", "{780B3013-9255-4837-BE73-F0C39EA3380E}"
EndProject
Global
	GlobalSection(SolutionConfigurationPlatforms) = preSolution
		Debug|Any CPU = Debug|Any CPU
		Release|Any CPU = Release|Any CPU
	EndGlobalSection
	GlobalSection(ProjectConfigurationPlatforms) = postSolution
		{780B3013-9255-4837-BE73-F0C39EA3380E}.Debug|Any CPU.ActiveCfg = Debug|Any CPU
		{780B3013-9255-4837-BE73-F0C39EA3380E}.Debug|Any CPU.Build.0 = Debug|Any CPU
		{780B3013-9255-4837-BE73-F0C39EA3380E}.Release|Any CPU.ActiveCfg = Release|Any CPU
		{780B3013-9255-4837-BE73-F0C39EA3380E}.Release|Any CPU.Build.0 = Release|Any CPU
	EndGlobalSection
	GlobalSection(SolutionProperties) = preSolution
		HideSolutionNode = FALSE
	EndGlobalSection
EndGlobal
